// !$*UTF8*$!
{
	archiveVersion = 1;
	classes = {
	};
	objectVersion = 50;
	objects = {

/* Begin PBXBuildFile section */
		520DA21426F6E2D3007FB1A5 /* Recording+CoreDataProperties.swift in Sources */ = {isa = PBXBuildFile; fileRef = 520DA21226F6E2D3007FB1A5 /* Recording+CoreDataProperties.swift */; };
		523F679F26F0949F007D51C1 /* AppDelegate.swift in Sources */ = {isa = PBXBuildFile; fileRef = 523F679E26F0949F007D51C1 /* AppDelegate.swift */; };
		523F67A326F0949F007D51C1 /* RecordingListViewController.swift in Sources */ = {isa = PBXBuildFile; fileRef = 523F67A226F0949F007D51C1 /* RecordingListViewController.swift */; };
		523F67A626F0949F007D51C1 /* Main.storyboard in Resources */ = {isa = PBXBuildFile; fileRef = 523F67A426F0949F007D51C1 /* Main.storyboard */; };
		523F67A826F0949F007D51C1 /* Assets.xcassets in Resources */ = {isa = PBXBuildFile; fileRef = 523F67A726F0949F007D51C1 /* Assets.xcassets */; };
		523F67AB26F0949F007D51C1 /* LaunchScreen.storyboard in Resources */ = {isa = PBXBuildFile; fileRef = 523F67A926F0949F007D51C1 /* LaunchScreen.storyboard */; };
		523F67B626F0949F007D51C1 /* DateTests.swift in Sources */ = {isa = PBXBuildFile; fileRef = 523F67B526F0949F007D51C1 /* DateTests.swift */; };
		523F67C126F0949F007D51C1 /* VoiceMemoUITests.swift in Sources */ = {isa = PBXBuildFile; fileRef = 523F67C026F0949F007D51C1 /* VoiceMemoUITests.swift */; };
		523F67D726F0E0AB007D51C1 /* RecordingCell.xib in Resources */ = {isa = PBXBuildFile; fileRef = 523F67D626F0E0AB007D51C1 /* RecordingCell.xib */; };
		523F67D926F0E0BE007D51C1 /* RecordingCell.swift in Sources */ = {isa = PBXBuildFile; fileRef = 523F67D826F0E0BE007D51C1 /* RecordingCell.swift */; };
		523F67DB26F0E80A007D51C1 /* Theme.swift in Sources */ = {isa = PBXBuildFile; fileRef = 523F67DA26F0E80A007D51C1 /* Theme.swift */; };
		523F67DD26F0F485007D51C1 /* DarkTheme.swift in Sources */ = {isa = PBXBuildFile; fileRef = 523F67DC26F0F485007D51C1 /* DarkTheme.swift */; };
		523F67E326F0FD72007D51C1 /* String+ISODateConversion.swift in Sources */ = {isa = PBXBuildFile; fileRef = 523F67E226F0FD72007D51C1 /* String+ISODateConversion.swift */; };
		523F67E526F0FE3C007D51C1 /* Int+TimeFormatting.swift in Sources */ = {isa = PBXBuildFile; fileRef = 523F67E426F0FE3C007D51C1 /* Int+TimeFormatting.swift */; };
		523F67EA26F2326E007D51C1 /* Clockable.swift in Sources */ = {isa = PBXBuildFile; fileRef = 523F67E926F2326E007D51C1 /* Clockable.swift */; };
		523F67ED26F2334C007D51C1 /* Clockable.swift in Sources */ = {isa = PBXBuildFile; fileRef = 523F67E926F2326E007D51C1 /* Clockable.swift */; };
		523F67EE26F23393007D51C1 /* String+ISODateConversion.swift in Sources */ = {isa = PBXBuildFile; fileRef = 523F67E226F0FD72007D51C1 /* String+ISODateConversion.swift */; };
		523F67EF26F23395007D51C1 /* Int+TimeFormatting.swift in Sources */ = {isa = PBXBuildFile; fileRef = 523F67E426F0FE3C007D51C1 /* Int+TimeFormatting.swift */; };
		523F67F126F23475007D51C1 /* Date+StringFormatting.swift in Sources */ = {isa = PBXBuildFile; fileRef = 523F67F026F23475007D51C1 /* Date+StringFormatting.swift */; };
		523F67F326F23E3C007D51C1 /* Clock.swift in Sources */ = {isa = PBXBuildFile; fileRef = 523F67F226F23E3C007D51C1 /* Clock.swift */; };
		523F67F526F24822007D51C1 /* MakeRecordingViewController.swift in Sources */ = {isa = PBXBuildFile; fileRef = 523F67F426F24822007D51C1 /* MakeRecordingViewController.swift */; };
		523F67F726F37D38007D51C1 /* SpeechRecognizer.swift in Sources */ = {isa = PBXBuildFile; fileRef = 523F67F626F37D38007D51C1 /* SpeechRecognizer.swift */; };
		523F67FB26F6A80D007D51C1 /* RecordingsModel.xcdatamodeld in Sources */ = {isa = PBXBuildFile; fileRef = 523F67F926F6A80D007D51C1 /* RecordingsModel.xcdatamodeld */; };
		523F67FD26F6AA1C007D51C1 /* RecordingsPersistentContainer.swift in Sources */ = {isa = PBXBuildFile; fileRef = 523F67FC26F6AA1C007D51C1 /* RecordingsPersistentContainer.swift */; };
		523F680026F6AD1D007D51C1 /* Recording+CoreDataClass.swift in Sources */ = {isa = PBXBuildFile; fileRef = 523F67FE26F6AD1D007D51C1 /* Recording+CoreDataClass.swift */; };
		52AEEB7326F6B99700F6833C /* RecordingViewController.swift in Sources */ = {isa = PBXBuildFile; fileRef = 52AEEB7226F6B99700F6833C /* RecordingViewController.swift */; };
/* End PBXBuildFile section */

/* Begin PBXContainerItemProxy section */
		523F67B226F0949F007D51C1 /* PBXContainerItemProxy */ = {
			isa = PBXContainerItemProxy;
			containerPortal = 523F679326F0949F007D51C1 /* Project object */;
			proxyType = 1;
			remoteGlobalIDString = 523F679A26F0949F007D51C1;
			remoteInfo = VoiceMemo;
		};
		523F67BD26F0949F007D51C1 /* PBXContainerItemProxy */ = {
			isa = PBXContainerItemProxy;
			containerPortal = 523F679326F0949F007D51C1 /* Project object */;
			proxyType = 1;
			remoteGlobalIDString = 523F679A26F0949F007D51C1;
			remoteInfo = VoiceMemo;
		};
/* End PBXContainerItemProxy section */

/* Begin PBXFileReference section */
		520DA21226F6E2D3007FB1A5 /* Recording+CoreDataProperties.swift */ = {isa = PBXFileReference; lastKnownFileType = sourcecode.swift; name = "Recording+CoreDataProperties.swift"; path = "../../Recording+CoreDataProperties.swift"; sourceTree = "<group>"; };
		523F679B26F0949F007D51C1 /* VoiceMemo.app */ = {isa = PBXFileReference; explicitFileType = wrapper.application; includeInIndex = 0; path = VoiceMemo.app; sourceTree = BUILT_PRODUCTS_DIR; };
		523F679E26F0949F007D51C1 /* AppDelegate.swift */ = {isa = PBXFileReference; lastKnownFileType = sourcecode.swift; path = AppDelegate.swift; sourceTree = "<group>"; };
		523F67A226F0949F007D51C1 /* RecordingListViewController.swift */ = {isa = PBXFileReference; lastKnownFileType = sourcecode.swift; path = RecordingListViewController.swift; sourceTree = "<group>"; };
		523F67A526F0949F007D51C1 /* Base */ = {isa = PBXFileReference; lastKnownFileType = file.storyboard; name = Base; path = Base.lproj/Main.storyboard; sourceTree = "<group>"; };
		523F67A726F0949F007D51C1 /* Assets.xcassets */ = {isa = PBXFileReference; lastKnownFileType = folder.assetcatalog; path = Assets.xcassets; sourceTree = "<group>"; };
		523F67AA26F0949F007D51C1 /* Base */ = {isa = PBXFileReference; lastKnownFileType = file.storyboard; name = Base; path = Base.lproj/LaunchScreen.storyboard; sourceTree = "<group>"; };
		523F67AC26F0949F007D51C1 /* Info.plist */ = {isa = PBXFileReference; lastKnownFileType = text.plist.xml; path = Info.plist; sourceTree = "<group>"; };
		523F67B126F0949F007D51C1 /* VoiceMemoTests.xctest */ = {isa = PBXFileReference; explicitFileType = wrapper.cfbundle; includeInIndex = 0; path = VoiceMemoTests.xctest; sourceTree = BUILT_PRODUCTS_DIR; };
		523F67B526F0949F007D51C1 /* DateTests.swift */ = {isa = PBXFileReference; lastKnownFileType = sourcecode.swift; path = DateTests.swift; sourceTree = "<group>"; };
		523F67B726F0949F007D51C1 /* Info.plist */ = {isa = PBXFileReference; lastKnownFileType = text.plist.xml; path = Info.plist; sourceTree = "<group>"; };
		523F67BC26F0949F007D51C1 /* VoiceMemoUITests.xctest */ = {isa = PBXFileReference; explicitFileType = wrapper.cfbundle; includeInIndex = 0; path = VoiceMemoUITests.xctest; sourceTree = BUILT_PRODUCTS_DIR; };
		523F67C026F0949F007D51C1 /* VoiceMemoUITests.swift */ = {isa = PBXFileReference; lastKnownFileType = sourcecode.swift; path = VoiceMemoUITests.swift; sourceTree = "<group>"; };
		523F67C226F0949F007D51C1 /* Info.plist */ = {isa = PBXFileReference; lastKnownFileType = text.plist.xml; path = Info.plist; sourceTree = "<group>"; };
		523F67D626F0E0AB007D51C1 /* RecordingCell.xib */ = {isa = PBXFileReference; lastKnownFileType = file.xib; path = RecordingCell.xib; sourceTree = "<group>"; };
		523F67D826F0E0BE007D51C1 /* RecordingCell.swift */ = {isa = PBXFileReference; lastKnownFileType = sourcecode.swift; path = RecordingCell.swift; sourceTree = "<group>"; };
		523F67DA26F0E80A007D51C1 /* Theme.swift */ = {isa = PBXFileReference; lastKnownFileType = sourcecode.swift; path = Theme.swift; sourceTree = "<group>"; };
		523F67DC26F0F485007D51C1 /* DarkTheme.swift */ = {isa = PBXFileReference; lastKnownFileType = sourcecode.swift; path = DarkTheme.swift; sourceTree = "<group>"; };
		523F67E226F0FD72007D51C1 /* String+ISODateConversion.swift */ = {isa = PBXFileReference; lastKnownFileType = sourcecode.swift; path = "String+ISODateConversion.swift"; sourceTree = "<group>"; };
		523F67E426F0FE3C007D51C1 /* Int+TimeFormatting.swift */ = {isa = PBXFileReference; lastKnownFileType = sourcecode.swift; path = "Int+TimeFormatting.swift"; sourceTree = "<group>"; };
		523F67E926F2326E007D51C1 /* Clockable.swift */ = {isa = PBXFileReference; lastKnownFileType = sourcecode.swift; path = Clockable.swift; sourceTree = "<group>"; };
		523F67F026F23475007D51C1 /* Date+StringFormatting.swift */ = {isa = PBXFileReference; lastKnownFileType = sourcecode.swift; path = "Date+StringFormatting.swift"; sourceTree = "<group>"; };
		523F67F226F23E3C007D51C1 /* Clock.swift */ = {isa = PBXFileReference; lastKnownFileType = sourcecode.swift; path = Clock.swift; sourceTree = "<group>"; };
		523F67F426F24822007D51C1 /* MakeRecordingViewController.swift */ = {isa = PBXFileReference; lastKnownFileType = sourcecode.swift; path = MakeRecordingViewController.swift; sourceTree = "<group>"; };
		523F67F626F37D38007D51C1 /* SpeechRecognizer.swift */ = {isa = PBXFileReference; lastKnownFileType = sourcecode.swift; path = SpeechRecognizer.swift; sourceTree = "<group>"; };
		523F67FA26F6A80D007D51C1 /* RecordingsModel.xcdatamodel */ = {isa = PBXFileReference; lastKnownFileType = wrapper.xcdatamodel; path = RecordingsModel.xcdatamodel; sourceTree = "<group>"; };
		523F67FC26F6AA1C007D51C1 /* RecordingsPersistentContainer.swift */ = {isa = PBXFileReference; lastKnownFileType = sourcecode.swift; path = RecordingsPersistentContainer.swift; sourceTree = "<group>"; };
		523F67FE26F6AD1D007D51C1 /* Recording+CoreDataClass.swift */ = {isa = PBXFileReference; lastKnownFileType = sourcecode.swift; path = "Recording+CoreDataClass.swift"; sourceTree = "<group>"; };
		52AEEB7226F6B99700F6833C /* RecordingViewController.swift */ = {isa = PBXFileReference; lastKnownFileType = sourcecode.swift; path = RecordingViewController.swift; sourceTree = "<group>"; };
/* End PBXFileReference section */

/* Begin PBXFrameworksBuildPhase section */
		523F679826F0949F007D51C1 /* Frameworks */ = {
			isa = PBXFrameworksBuildPhase;
			buildActionMask = 2147483647;
			files = (
			);
			runOnlyForDeploymentPostprocessing = 0;
		};
		523F67AE26F0949F007D51C1 /* Frameworks */ = {
			isa = PBXFrameworksBuildPhase;
			buildActionMask = 2147483647;
			files = (
			);
			runOnlyForDeploymentPostprocessing = 0;
		};
		523F67B926F0949F007D51C1 /* Frameworks */ = {
			isa = PBXFrameworksBuildPhase;
			buildActionMask = 2147483647;
			files = (
			);
			runOnlyForDeploymentPostprocessing = 0;
		};
/* End PBXFrameworksBuildPhase section */

/* Begin PBXGroup section */
		523F679226F0949F007D51C1 = {
			isa = PBXGroup;
			children = (
				523F679D26F0949F007D51C1 /* VoiceMemo */,
				523F67B426F0949F007D51C1 /* VoiceMemoTests */,
				523F67BF26F0949F007D51C1 /* VoiceMemoUITests */,
				523F679C26F0949F007D51C1 /* Products */,
			);
			sourceTree = "<group>";
		};
		523F679C26F0949F007D51C1 /* Products */ = {
			isa = PBXGroup;
			children = (
				523F679B26F0949F007D51C1 /* VoiceMemo.app */,
				523F67B126F0949F007D51C1 /* VoiceMemoTests.xctest */,
				523F67BC26F0949F007D51C1 /* VoiceMemoUITests.xctest */,
			);
			name = Products;
			sourceTree = "<group>";
		};
		523F679D26F0949F007D51C1 /* VoiceMemo */ = {
			isa = PBXGroup;
			children = (
				523F67F826F6A7E7007D51C1 /* Model */,
				523F67E626F23155007D51C1 /* Protocols */,
				523F67E126F0FD5B007D51C1 /* Extensions */,
				523F67D526F0E092007D51C1 /* Recording Cell */,
				523F67D126F09F8D007D51C1 /* Theme */,
				523F67A726F0949F007D51C1 /* Assets.xcassets */,
				523F67AC26F0949F007D51C1 /* Info.plist */,
				523F67A426F0949F007D51C1 /* Main.storyboard */,
				523F67A926F0949F007D51C1 /* LaunchScreen.storyboard */,
				523F679E26F0949F007D51C1 /* AppDelegate.swift */,
				523F67F226F23E3C007D51C1 /* Clock.swift */,
				523F67F626F37D38007D51C1 /* SpeechRecognizer.swift */,
				523F67A226F0949F007D51C1 /* RecordingListViewController.swift */,
				523F67F426F24822007D51C1 /* MakeRecordingViewController.swift */,
				52AEEB7226F6B99700F6833C /* RecordingViewController.swift */,
			);
			path = VoiceMemo;
			sourceTree = "<group>";
		};
		523F67B426F0949F007D51C1 /* VoiceMemoTests */ = {
			isa = PBXGroup;
			children = (
				523F67B526F0949F007D51C1 /* DateTests.swift */,
				523F67B726F0949F007D51C1 /* Info.plist */,
			);
			path = VoiceMemoTests;
			sourceTree = "<group>";
		};
		523F67BF26F0949F007D51C1 /* VoiceMemoUITests */ = {
			isa = PBXGroup;
			children = (
				523F67C026F0949F007D51C1 /* VoiceMemoUITests.swift */,
				523F67C226F0949F007D51C1 /* Info.plist */,
			);
			path = VoiceMemoUITests;
			sourceTree = "<group>";
		};
		523F67D126F09F8D007D51C1 /* Theme */ = {
			isa = PBXGroup;
			children = (
				523F67DA26F0E80A007D51C1 /* Theme.swift */,
				523F67DC26F0F485007D51C1 /* DarkTheme.swift */,
			);
			path = Theme;
			sourceTree = "<group>";
		};
		523F67D526F0E092007D51C1 /* Recording Cell */ = {
			isa = PBXGroup;
			children = (
				523F67D626F0E0AB007D51C1 /* RecordingCell.xib */,
				523F67D826F0E0BE007D51C1 /* RecordingCell.swift */,
			);
			path = "Recording Cell";
			sourceTree = "<group>";
		};
		523F67E126F0FD5B007D51C1 /* Extensions */ = {
			isa = PBXGroup;
			children = (
				523F67E226F0FD72007D51C1 /* String+ISODateConversion.swift */,
				523F67E426F0FE3C007D51C1 /* Int+TimeFormatting.swift */,
				523F67F026F23475007D51C1 /* Date+StringFormatting.swift */,
			);
			path = Extensions;
			sourceTree = "<group>";
		};
		523F67E626F23155007D51C1 /* Protocols */ = {
			isa = PBXGroup;
			children = (
				523F67E926F2326E007D51C1 /* Clockable.swift */,
			);
			path = Protocols;
			sourceTree = "<group>";
		};
		523F67F826F6A7E7007D51C1 /* Model */ = {
			isa = PBXGroup;
			children = (
				523F67F926F6A80D007D51C1 /* RecordingsModel.xcdatamodeld */,
				523F67FE26F6AD1D007D51C1 /* Recording+CoreDataClass.swift */,
				520DA21226F6E2D3007FB1A5 /* Recording+CoreDataProperties.swift */,
				523F67FC26F6AA1C007D51C1 /* RecordingsPersistentContainer.swift */,
			);
			path = Model;
			sourceTree = "<group>";
		};
/* End PBXGroup section */

/* Begin PBXNativeTarget section */
		523F679A26F0949F007D51C1 /* VoiceMemo */ = {
			isa = PBXNativeTarget;
			buildConfigurationList = 523F67C526F0949F007D51C1 /* Build configuration list for PBXNativeTarget "VoiceMemo" */;
			buildPhases = (
				523F679726F0949F007D51C1 /* Sources */,
				523F679826F0949F007D51C1 /* Frameworks */,
				523F679926F0949F007D51C1 /* Resources */,
			);
			buildRules = (
			);
			dependencies = (
			);
			name = VoiceMemo;
			productName = VoiceMemo;
			productReference = 523F679B26F0949F007D51C1 /* VoiceMemo.app */;
			productType = "com.apple.product-type.application";
		};
		523F67B026F0949F007D51C1 /* VoiceMemoTests */ = {
			isa = PBXNativeTarget;
			buildConfigurationList = 523F67C826F0949F007D51C1 /* Build configuration list for PBXNativeTarget "VoiceMemoTests" */;
			buildPhases = (
				523F67AD26F0949F007D51C1 /* Sources */,
				523F67AE26F0949F007D51C1 /* Frameworks */,
				523F67AF26F0949F007D51C1 /* Resources */,
			);
			buildRules = (
			);
			dependencies = (
				523F67B326F0949F007D51C1 /* PBXTargetDependency */,
			);
			name = VoiceMemoTests;
			productName = VoiceMemoTests;
			productReference = 523F67B126F0949F007D51C1 /* VoiceMemoTests.xctest */;
			productType = "com.apple.product-type.bundle.unit-test";
		};
		523F67BB26F0949F007D51C1 /* VoiceMemoUITests */ = {
			isa = PBXNativeTarget;
			buildConfigurationList = 523F67CB26F0949F007D51C1 /* Build configuration list for PBXNativeTarget "VoiceMemoUITests" */;
			buildPhases = (
				523F67B826F0949F007D51C1 /* Sources */,
				523F67B926F0949F007D51C1 /* Frameworks */,
				523F67BA26F0949F007D51C1 /* Resources */,
			);
			buildRules = (
			);
			dependencies = (
				523F67BE26F0949F007D51C1 /* PBXTargetDependency */,
			);
			name = VoiceMemoUITests;
			productName = VoiceMemoUITests;
			productReference = 523F67BC26F0949F007D51C1 /* VoiceMemoUITests.xctest */;
			productType = "com.apple.product-type.bundle.ui-testing";
		};
/* End PBXNativeTarget section */

/* Begin PBXProject section */
		523F679326F0949F007D51C1 /* Project object */ = {
			isa = PBXProject;
			attributes = {
				LastSwiftUpdateCheck = 1250;
				LastUpgradeCheck = 1250;
				TargetAttributes = {
					523F679A26F0949F007D51C1 = {
						CreatedOnToolsVersion = 12.5.1;
					};
					523F67B026F0949F007D51C1 = {
						CreatedOnToolsVersion = 12.5.1;
						TestTargetID = 523F679A26F0949F007D51C1;
					};
					523F67BB26F0949F007D51C1 = {
						CreatedOnToolsVersion = 12.5.1;
						TestTargetID = 523F679A26F0949F007D51C1;
					};
				};
			};
			buildConfigurationList = 523F679626F0949F007D51C1 /* Build configuration list for PBXProject "VoiceMemo" */;
			compatibilityVersion = "Xcode 9.3";
			developmentRegion = en;
			hasScannedForEncodings = 0;
			knownRegions = (
				en,
				Base,
			);
			mainGroup = 523F679226F0949F007D51C1;
			productRefGroup = 523F679C26F0949F007D51C1 /* Products */;
			projectDirPath = "";
			projectRoot = "";
			targets = (
				523F679A26F0949F007D51C1 /* VoiceMemo */,
				523F67B026F0949F007D51C1 /* VoiceMemoTests */,
				523F67BB26F0949F007D51C1 /* VoiceMemoUITests */,
			);
		};
/* End PBXProject section */

/* Begin PBXResourcesBuildPhase section */
		523F679926F0949F007D51C1 /* Resources */ = {
			isa = PBXResourcesBuildPhase;
			buildActionMask = 2147483647;
			files = (
				523F67AB26F0949F007D51C1 /* LaunchScreen.storyboard in Resources */,
				523F67A826F0949F007D51C1 /* Assets.xcassets in Resources */,
				523F67A626F0949F007D51C1 /* Main.storyboard in Resources */,
				523F67D726F0E0AB007D51C1 /* RecordingCell.xib in Resources */,
			);
			runOnlyForDeploymentPostprocessing = 0;
		};
		523F67AF26F0949F007D51C1 /* Resources */ = {
			isa = PBXResourcesBuildPhase;
			buildActionMask = 2147483647;
			files = (
			);
			runOnlyForDeploymentPostprocessing = 0;
		};
		523F67BA26F0949F007D51C1 /* Resources */ = {
			isa = PBXResourcesBuildPhase;
			buildActionMask = 2147483647;
			files = (
			);
			runOnlyForDeploymentPostprocessing = 0;
		};
/* End PBXResourcesBuildPhase section */

/* Begin PBXSourcesBuildPhase section */
		523F679726F0949F007D51C1 /* Sources */ = {
			isa = PBXSourcesBuildPhase;
			buildActionMask = 2147483647;
			files = (
				523F67F126F23475007D51C1 /* Date+StringFormatting.swift in Sources */,
				523F67E526F0FE3C007D51C1 /* Int+TimeFormatting.swift in Sources */,
				523F67FD26F6AA1C007D51C1 /* RecordingsPersistentContainer.swift in Sources */,
				523F680026F6AD1D007D51C1 /* Recording+CoreDataClass.swift in Sources */,
				523F67F526F24822007D51C1 /* MakeRecordingViewController.swift in Sources */,
				523F67DD26F0F485007D51C1 /* DarkTheme.swift in Sources */,
				523F67A326F0949F007D51C1 /* RecordingListViewController.swift in Sources */,
				523F67EA26F2326E007D51C1 /* Clockable.swift in Sources */,
				523F67F726F37D38007D51C1 /* SpeechRecognizer.swift in Sources */,
				52AEEB7326F6B99700F6833C /* RecordingViewController.swift in Sources */,
				523F67F326F23E3C007D51C1 /* Clock.swift in Sources */,
				523F679F26F0949F007D51C1 /* AppDelegate.swift in Sources */,
				523F67DB26F0E80A007D51C1 /* Theme.swift in Sources */,
				523F67D926F0E0BE007D51C1 /* RecordingCell.swift in Sources */,
				523F67FB26F6A80D007D51C1 /* RecordingsModel.xcdatamodeld in Sources */,
				520DA21426F6E2D3007FB1A5 /* Recording+CoreDataProperties.swift in Sources */,
				523F67E326F0FD72007D51C1 /* String+ISODateConversion.swift in Sources */,
			);
			runOnlyForDeploymentPostprocessing = 0;
		};
		523F67AD26F0949F007D51C1 /* Sources */ = {
			isa = PBXSourcesBuildPhase;
			buildActionMask = 2147483647;
			files = (
				523F67EF26F23395007D51C1 /* Int+TimeFormatting.swift in Sources */,
				523F67EE26F23393007D51C1 /* String+ISODateConversion.swift in Sources */,
				523F67B626F0949F007D51C1 /* DateTests.swift in Sources */,
				523F67ED26F2334C007D51C1 /* Clockable.swift in Sources */,
			);
			runOnlyForDeploymentPostprocessing = 0;
		};
		523F67B826F0949F007D51C1 /* Sources */ = {
			isa = PBXSourcesBuildPhase;
			buildActionMask = 2147483647;
			files = (
				523F67C126F0949F007D51C1 /* VoiceMemoUITests.swift in Sources */,
			);
			runOnlyForDeploymentPostprocessing = 0;
		};
/* End PBXSourcesBuildPhase section */

/* Begin PBXTargetDependency section */
		523F67B326F0949F007D51C1 /* PBXTargetDependency */ = {
			isa = PBXTargetDependency;
			target = 523F679A26F0949F007D51C1 /* VoiceMemo */;
			targetProxy = 523F67B226F0949F007D51C1 /* PBXContainerItemProxy */;
		};
		523F67BE26F0949F007D51C1 /* PBXTargetDependency */ = {
			isa = PBXTargetDependency;
			target = 523F679A26F0949F007D51C1 /* VoiceMemo */;
			targetProxy = 523F67BD26F0949F007D51C1 /* PBXContainerItemProxy */;
		};
/* End PBXTargetDependency section */

/* Begin PBXVariantGroup section */
		523F67A426F0949F007D51C1 /* Main.storyboard */ = {
			isa = PBXVariantGroup;
			children = (
				523F67A526F0949F007D51C1 /* Base */,
			);
			name = Main.storyboard;
			sourceTree = "<group>";
		};
		523F67A926F0949F007D51C1 /* LaunchScreen.storyboard */ = {
			isa = PBXVariantGroup;
			children = (
				523F67AA26F0949F007D51C1 /* Base */,
			);
			name = LaunchScreen.storyboard;
			sourceTree = "<group>";
		};
/* End PBXVariantGroup section */

/* Begin XCBuildConfiguration section */
		523F67C326F0949F007D51C1 /* Debug */ = {
			isa = XCBuildConfiguration;
			buildSettings = {
				ALWAYS_SEARCH_USER_PATHS = NO;
				CLANG_ANALYZER_NONNULL = YES;
				CLANG_ANALYZER_NUMBER_OBJECT_CONVERSION = YES_AGGRESSIVE;
				CLANG_CXX_LANGUAGE_STANDARD = "gnu++14";
				CLANG_CXX_LIBRARY = "libc++";
				CLANG_ENABLE_MODULES = YES;
				CLANG_ENABLE_OBJC_ARC = YES;
				CLANG_ENABLE_OBJC_WEAK = YES;
				CLANG_WARN_BLOCK_CAPTURE_AUTORELEASING = YES;
				CLANG_WARN_BOOL_CONVERSION = YES;
				CLANG_WARN_COMMA = YES;
				CLANG_WARN_CONSTANT_CONVERSION = YES;
				CLANG_WARN_DEPRECATED_OBJC_IMPLEMENTATIONS = YES;
				CLANG_WARN_DIRECT_OBJC_ISA_USAGE = YES_ERROR;
				CLANG_WARN_DOCUMENTATION_COMMENTS = YES;
				CLANG_WARN_EMPTY_BODY = YES;
				CLANG_WARN_ENUM_CONVERSION = YES;
				CLANG_WARN_INFINITE_RECURSION = YES;
				CLANG_WARN_INT_CONVERSION = YES;
				CLANG_WARN_NON_LITERAL_NULL_CONVERSION = YES;
				CLANG_WARN_OBJC_IMPLICIT_RETAIN_SELF = YES;
				CLANG_WARN_OBJC_LITERAL_CONVERSION = YES;
				CLANG_WARN_OBJC_ROOT_CLASS = YES_ERROR;
				CLANG_WARN_QUOTED_INCLUDE_IN_FRAMEWORK_HEADER = YES;
				CLANG_WARN_RANGE_LOOP_ANALYSIS = YES;
				CLANG_WARN_STRICT_PROTOTYPES = YES;
				CLANG_WARN_SUSPICIOUS_MOVE = YES;
				CLANG_WARN_UNGUARDED_AVAILABILITY = YES_AGGRESSIVE;
				CLANG_WARN_UNREACHABLE_CODE = YES;
				CLANG_WARN__DUPLICATE_METHOD_MATCH = YES;
				COPY_PHASE_STRIP = NO;
				DEBUG_INFORMATION_FORMAT = dwarf;
				ENABLE_STRICT_OBJC_MSGSEND = YES;
				ENABLE_TESTABILITY = YES;
				GCC_C_LANGUAGE_STANDARD = gnu11;
				GCC_DYNAMIC_NO_PIC = NO;
				GCC_NO_COMMON_BLOCKS = YES;
				GCC_OPTIMIZATION_LEVEL = 0;
				GCC_PREPROCESSOR_DEFINITIONS = (
					"DEBUG=1",
					"$(inherited)",
				);
				GCC_WARN_64_TO_32_BIT_CONVERSION = YES;
				GCC_WARN_ABOUT_RETURN_TYPE = YES_ERROR;
				GCC_WARN_UNDECLARED_SELECTOR = YES;
				GCC_WARN_UNINITIALIZED_AUTOS = YES_AGGRESSIVE;
				GCC_WARN_UNUSED_FUNCTION = YES;
				GCC_WARN_UNUSED_VARIABLE = YES;
				IPHONEOS_DEPLOYMENT_TARGET = 14.5;
				MTL_ENABLE_DEBUG_INFO = INCLUDE_SOURCE;
				MTL_FAST_MATH = YES;
				ONLY_ACTIVE_ARCH = YES;
				SDKROOT = iphoneos;
				SWIFT_ACTIVE_COMPILATION_CONDITIONS = DEBUG;
				SWIFT_OPTIMIZATION_LEVEL = "-Onone";
			};
			name = Debug;
		};
		523F67C426F0949F007D51C1 /* Release */ = {
			isa = XCBuildConfiguration;
			buildSettings = {
				ALWAYS_SEARCH_USER_PATHS = NO;
				CLANG_ANALYZER_NONNULL = YES;
				CLANG_ANALYZER_NUMBER_OBJECT_CONVERSION = YES_AGGRESSIVE;
				CLANG_CXX_LANGUAGE_STANDARD = "gnu++14";
				CLANG_CXX_LIBRARY = "libc++";
				CLANG_ENABLE_MODULES = YES;
				CLANG_ENABLE_OBJC_ARC = YES;
				CLANG_ENABLE_OBJC_WEAK = YES;
				CLANG_WARN_BLOCK_CAPTURE_AUTORELEASING = YES;
				CLANG_WARN_BOOL_CONVERSION = YES;
				CLANG_WARN_COMMA = YES;
				CLANG_WARN_CONSTANT_CONVERSION = YES;
				CLANG_WARN_DEPRECATED_OBJC_IMPLEMENTATIONS = YES;
				CLANG_WARN_DIRECT_OBJC_ISA_USAGE = YES_ERROR;
				CLANG_WARN_DOCUMENTATION_COMMENTS = YES;
				CLANG_WARN_EMPTY_BODY = YES;
				CLANG_WARN_ENUM_CONVERSION = YES;
				CLANG_WARN_INFINITE_RECURSION = YES;
				CLANG_WARN_INT_CONVERSION = YES;
				CLANG_WARN_NON_LITERAL_NULL_CONVERSION = YES;
				CLANG_WARN_OBJC_IMPLICIT_RETAIN_SELF = YES;
				CLANG_WARN_OBJC_LITERAL_CONVERSION = YES;
				CLANG_WARN_OBJC_ROOT_CLASS = YES_ERROR;
				CLANG_WARN_QUOTED_INCLUDE_IN_FRAMEWORK_HEADER = YES;
				CLANG_WARN_RANGE_LOOP_ANALYSIS = YES;
				CLANG_WARN_STRICT_PROTOTYPES = YES;
				CLANG_WARN_SUSPICIOUS_MOVE = YES;
				CLANG_WARN_UNGUARDED_AVAILABILITY = YES_AGGRESSIVE;
				CLANG_WARN_UNREACHABLE_CODE = YES;
				CLANG_WARN__DUPLICATE_METHOD_MATCH = YES;
				COPY_PHASE_STRIP = NO;
				DEBUG_INFORMATION_FORMAT = "dwarf-with-dsym";
				ENABLE_NS_ASSERTIONS = NO;
				ENABLE_STRICT_OBJC_MSGSEND = YES;
				GCC_C_LANGUAGE_STANDARD = gnu11;
				GCC_NO_COMMON_BLOCKS = YES;
				GCC_WARN_64_TO_32_BIT_CONVERSION = YES;
				GCC_WARN_ABOUT_RETURN_TYPE = YES_ERROR;
				GCC_WARN_UNDECLARED_SELECTOR = YES;
				GCC_WARN_UNINITIALIZED_AUTOS = YES_AGGRESSIVE;
				GCC_WARN_UNUSED_FUNCTION = YES;
				GCC_WARN_UNUSED_VARIABLE = YES;
				IPHONEOS_DEPLOYMENT_TARGET = 14.5;
				MTL_ENABLE_DEBUG_INFO = NO;
				MTL_FAST_MATH = YES;
				SDKROOT = iphoneos;
				SWIFT_COMPILATION_MODE = wholemodule;
				SWIFT_OPTIMIZATION_LEVEL = "-O";
				VALIDATE_PRODUCT = YES;
			};
			name = Release;
		};
		523F67C626F0949F007D51C1 /* Debug */ = {
			isa = XCBuildConfiguration;
			buildSettings = {
				ASSETCATALOG_COMPILER_APPICON_NAME = AppIcon;
				ASSETCATALOG_COMPILER_GLOBAL_ACCENT_COLOR_NAME = AccentColor;
				CODE_SIGN_STYLE = Automatic;
				DEVELOPMENT_TEAM = C3N9AV87F8;
				INFOPLIST_FILE = VoiceMemo/Info.plist;
				LD_RUNPATH_SEARCH_PATHS = (
					"$(inherited)",
					"@executable_path/Frameworks",
				);
				PRODUCT_BUNDLE_IDENTIFIER = au.ok.VoiceMemo;
				PRODUCT_NAME = "$(TARGET_NAME)";
				SWIFT_VERSION = 5.0;
				TARGETED_DEVICE_FAMILY = 1;
			};
			name = Debug;
		};
		523F67C726F0949F007D51C1 /* Release */ = {
			isa = XCBuildConfiguration;
			buildSettings = {
				ASSETCATALOG_COMPILER_APPICON_NAME = AppIcon;
				ASSETCATALOG_COMPILER_GLOBAL_ACCENT_COLOR_NAME = AccentColor;
				CODE_SIGN_STYLE = Automatic;
				DEVELOPMENT_TEAM = C3N9AV87F8;
				INFOPLIST_FILE = VoiceMemo/Info.plist;
				LD_RUNPATH_SEARCH_PATHS = (
					"$(inherited)",
					"@executable_path/Frameworks",
				);
				PRODUCT_BUNDLE_IDENTIFIER = au.ok.VoiceMemo;
				PRODUCT_NAME = "$(TARGET_NAME)";
				SWIFT_VERSION = 5.0;
				TARGETED_DEVICE_FAMILY = 1;
			};
			name = Release;
		};
		523F67C926F0949F007D51C1 /* Debug */ = {
			isa = XCBuildConfiguration;
			buildSettings = {
				ALWAYS_EMBED_SWIFT_STANDARD_LIBRARIES = YES;
				BUNDLE_LOADER = "$(TEST_HOST)";
				CODE_SIGN_STYLE = Automatic;
				INFOPLIST_FILE = VoiceMemoTests/Info.plist;
				IPHONEOS_DEPLOYMENT_TARGET = 14.5;
				LD_RUNPATH_SEARCH_PATHS = (
					"$(inherited)",
					"@executable_path/Frameworks",
					"@loader_path/Frameworks",
				);
				PRODUCT_BUNDLE_IDENTIFIER = au.ok.VoiceMemoTests;
				PRODUCT_NAME = "$(TARGET_NAME)";
				SWIFT_VERSION = 5.0;
				TARGETED_DEVICE_FAMILY = "1,2";
				TEST_HOST = "$(BUILT_PRODUCTS_DIR)/VoiceMemo.app/VoiceMemo";
			};
			name = Debug;
		};
		523F67CA26F0949F007D51C1 /* Release */ = {
			isa = XCBuildConfiguration;
			buildSettings = {
				ALWAYS_EMBED_SWIFT_STANDARD_LIBRARIES = YES;
				BUNDLE_LOADER = "$(TEST_HOST)";
				CODE_SIGN_STYLE = Automatic;
				INFOPLIST_FILE = VoiceMemoTests/Info.plist;
				IPHONEOS_DEPLOYMENT_TARGET = 14.5;
				LD_RUNPATH_SEARCH_PATHS = (
					"$(inherited)",
					"@executable_path/Frameworks",
					"@loader_path/Frameworks",
				);
				PRODUCT_BUNDLE_IDENTIFIER = au.ok.VoiceMemoTests;
				PRODUCT_NAME = "$(TARGET_NAME)";
				SWIFT_VERSION = 5.0;
				TARGETED_DEVICE_FAMILY = "1,2";
				TEST_HOST = "$(BUILT_PRODUCTS_DIR)/VoiceMemo.app/VoiceMemo";
			};
			name = Release;
		};
		523F67CC26F0949F007D51C1 /* Debug */ = {
			isa = XCBuildConfiguration;
			buildSettings = {
				ALWAYS_EMBED_SWIFT_STANDARD_LIBRARIES = YES;
				CODE_SIGN_STYLE = Automatic;
				INFOPLIST_FILE = VoiceMemoUITests/Info.plist;
				LD_RUNPATH_SEARCH_PATHS = (
					"$(inherited)",
					"@executable_path/Frameworks",
					"@loader_path/Frameworks",
				);
				PRODUCT_BUNDLE_IDENTIFIER = au.ok.VoiceMemoUITests;
				PRODUCT_NAME = "$(TARGET_NAME)";
				SWIFT_VERSION = 5.0;
				TARGETED_DEVICE_FAMILY = "1,2";
				TEST_TARGET_NAME = VoiceMemo;
			};
			name = Debug;
		};
		523F67CD26F0949F007D51C1 /* Release */ = {
			isa = XCBuildConfiguration;
			buildSettings = {
				ALWAYS_EMBED_SWIFT_STANDARD_LIBRARIES = YES;
				CODE_SIGN_STYLE = Automatic;
				INFOPLIST_FILE = VoiceMemoUITests/Info.plist;
				LD_RUNPATH_SEARCH_PATHS = (
					"$(inherited)",
					"@executable_path/Frameworks",
					"@loader_path/Frameworks",
				);
				PRODUCT_BUNDLE_IDENTIFIER = au.ok.VoiceMemoUITests;
				PRODUCT_NAME = "$(TARGET_NAME)";
				SWIFT_VERSION = 5.0;
				TARGETED_DEVICE_FAMILY = "1,2";
				TEST_TARGET_NAME = VoiceMemo;
			};
			name = Release;
		};
/* End XCBuildConfiguration section */

/* Begin XCConfigurationList section */
		523F679626F0949F007D51C1 /* Build configuration list for PBXProject "VoiceMemo" */ = {
			isa = XCConfigurationList;
			buildConfigurations = (
				523F67C326F0949F007D51C1 /* Debug */,
				523F67C426F0949F007D51C1 /* Release */,
			);
			defaultConfigurationIsVisible = 0;
			defaultConfigurationName = Release;
		};
		523F67C526F0949F007D51C1 /* Build configuration list for PBXNativeTarget "VoiceMemo" */ = {
			isa = XCConfigurationList;
			buildConfigurations = (
				523F67C626F0949F007D51C1 /* Debug */,
				523F67C726F0949F007D51C1 /* Release */,
			);
			defaultConfigurationIsVisible = 0;
			defaultConfigurationName = Release;
		};
		523F67C826F0949F007D51C1 /* Build configuration list for PBXNativeTarget "VoiceMemoTests" */ = {
			isa = XCConfigurationList;
			buildConfigurations = (
				523F67C926F0949F007D51C1 /* Debug */,
				523F67CA26F0949F007D51C1 /* Release */,
			);
			defaultConfigurationIsVisible = 0;
			defaultConfigurationName = Release;
		};
		523F67CB26F0949F007D51C1 /* Build configuration list for PBXNativeTarget "VoiceMemoUITests" */ = {
			isa = XCConfigurationList;
			buildConfigurations = (
				523F67CC26F0949F007D51C1 /* Debug */,
				523F67CD26F0949F007D51C1 /* Release */,
			);
			defaultConfigurationIsVisible = 0;
			defaultConfigurationName = Release;
		};
/* End XCConfigurationList section */

/* Begin XCVersionGroup section */
		523F67F926F6A80D007D51C1 /* RecordingsModel.xcdatamodeld */ = {
			isa = XCVersionGroup;
			children = (
				523F67FA26F6A80D007D51C1 /* RecordingsModel.xcdatamodel */,
			);
			currentVersion = 523F67FA26F6A80D007D51C1 /* RecordingsModel.xcdatamodel */;
			path = RecordingsModel.xcdatamodeld;
			sourceTree = "<group>";
			versionGroupType = wrapper.xcdatamodel;
		};
/* End XCVersionGroup section */
	};
	rootObject = 523F679326F0949F007D51C1 /* Project object */;
}
