// !$*UTF8*$!
{
	archiveVersion = 1;
	classes = {
	};
	objectVersion = 50;
	objects = {

/* Begin PBXBuildFile section */
		523F679F26F0949F007D51C1 /* AppDelegate.swift in Sources */ = {isa = PBXBuildFile; fileRef = 523F679E26F0949F007D51C1 /* AppDelegate.swift */; };
		523F67A126F0949F007D51C1 /* SceneDelegate.swift in Sources */ = {isa = PBXBuildFile; fileRef = 523F67A026F0949F007D51C1 /* SceneDelegate.swift */; };
		523F67A326F0949F007D51C1 /* ViewController.swift in Sources */ = {isa = PBXBuildFile; fileRef = 523F67A226F0949F007D51C1 /* ViewController.swift */; };
		523F67A626F0949F007D51C1 /* Main.storyboard in Resources */ = {isa = PBXBuildFile; fileRef = 523F67A426F0949F007D51C1 /* Main.storyboard */; };
		523F67A826F0949F007D51C1 /* Assets.xcassets in Resources */ = {isa = PBXBuildFile; fileRef = 523F67A726F0949F007D51C1 /* Assets.xcassets */; };
		523F67AB26F0949F007D51C1 /* LaunchScreen.storyboard in Resources */ = {isa = PBXBuildFile; fileRef = 523F67A926F0949F007D51C1 /* LaunchScreen.storyboard */; };
		523F67B626F0949F007D51C1 /* VoiceMemoTests.swift in Sources */ = {isa = PBXBuildFile; fileRef = 523F67B526F0949F007D51C1 /* VoiceMemoTests.swift */; };
		523F67C126F0949F007D51C1 /* VoiceMemoUITests.swift in Sources */ = {isa = PBXBuildFile; fileRef = 523F67C026F0949F007D51C1 /* VoiceMemoUITests.swift */; };
/* End PBXBuildFile section */

/* Begin PBXContainerItemProxy section */
		523F67B226F0949F007D51C1 /* PBXContainerItemProxy */ = {
			isa = PBXContainerItemProxy;
			containerPortal = 523F679326F0949F007D51C1 /* Project object */;
			proxyType = 1;
			remoteGlobalIDString = 523F679A26F0949F007D51C1;
			remoteInfo = VoiceMemo;
		};
		523F67BD26F0949F007D51C1 /* PBXContainerItemProxy */ = {
			isa = PBXContainerItemProxy;
			containerPortal = 523F679326F0949F007D51C1 /* Project object */;
			proxyType = 1;
			remoteGlobalIDString = 523F679A26F0949F007D51C1;
			remoteInfo = VoiceMemo;
		};
/* End PBXContainerItemProxy section */

/* Begin PBXFileReference section */
		523F679B26F0949F007D51C1 /* VoiceMemo.app */ = {isa = PBXFileReference; explicitFileType = wrapper.application; includeInIndex = 0; path = VoiceMemo.app; sourceTree = BUILT_PRODUCTS_DIR; };
		523F679E26F0949F007D51C1 /* AppDelegate.swift */ = {isa = PBXFileReference; lastKnownFileType = sourcecode.swift; path = AppDelegate.swift; sourceTree = "<group>"; };
		523F67A026F0949F007D51C1 /* SceneDelegate.swift */ = {isa = PBXFileReference; lastKnownFileType = sourcecode.swift; path = SceneDelegate.swift; sourceTree = "<group>"; };
		523F67A226F0949F007D51C1 /* ViewController.swift */ = {isa = PBXFileReference; lastKnownFileType = sourcecode.swift; path = ViewController.swift; sourceTree = "<group>"; };
		523F67A526F0949F007D51C1 /* Base */ = {isa = PBXFileReference; lastKnownFileType = file.storyboard; name = Base; path = Base.lproj/Main.storyboard; sourceTree = "<group>"; };
		523F67A726F0949F007D51C1 /* Assets.xcassets */ = {isa = PBXFileReference; lastKnownFileType = folder.assetcatalog; path = Assets.xcassets; sourceTree = "<group>"; };
		523F67AA26F0949F007D51C1 /* Base */ = {isa = PBXFileReference; lastKnownFileType = file.storyboard; name = Base; path = Base.lproj/LaunchScreen.storyboard; sourceTree = "<group>"; };
		523F67AC26F0949F007D51C1 /* Info.plist */ = {isa = PBXFileReference; lastKnownFileType = text.plist.xml; path = Info.plist; sourceTree = "<group>"; };
		523F67B126F0949F007D51C1 /* VoiceMemoTests.xctest */ = {isa = PBXFileReference; explicitFileType = wrapper.cfbundle; includeInIndex = 0; path = VoiceMemoTests.xctest; sourceTree = BUILT_PRODUCTS_DIR; };
		523F67B526F0949F007D51C1 /* VoiceMemoTests.swift */ = {isa = PBXFileReference; lastKnownFileType = sourcecode.swift; path = VoiceMemoTests.swift; sourceTree = "<group>"; };
		523F67B726F0949F007D51C1 /* Info.plist */ = {isa = PBXFileReference; lastKnownFileType = text.plist.xml; path = Info.plist; sourceTree = "<group>"; };
		523F67BC26F0949F007D51C1 /* VoiceMemoUITests.xctest */ = {isa = PBXFileReference; explicitFileType = wrapper.cfbundle; includeInIndex = 0; path = VoiceMemoUITests.xctest; sourceTree = BUILT_PRODUCTS_DIR; };
		523F67C026F0949F007D51C1 /* VoiceMemoUITests.swift */ = {isa = PBXFileReference; lastKnownFileType = sourcecode.swift; path = VoiceMemoUITests.swift; sourceTree = "<group>"; };
		523F67C226F0949F007D51C1 /* Info.plist */ = {isa = PBXFileReference; lastKnownFileType = text.plist.xml; path = Info.plist; sourceTree = "<group>"; };
/* End PBXFileReference section */

/* Begin PBXFrameworksBuildPhase section */
		523F679826F0949F007D51C1 /* Frameworks */ = {
			isa = PBXFrameworksBuildPhase;
			buildActionMask = 2147483647;
			files = (
			);
			runOnlyForDeploymentPostprocessing = 0;
		};
		523F67AE26F0949F007D51C1 /* Frameworks */ = {
			isa = PBXFrameworksBuildPhase;
			buildActionMask = 2147483647;
			files = (
			);
			runOnlyForDeploymentPostprocessing = 0;
		};
		523F67B926F0949F007D51C1 /* Frameworks */ = {
			isa = PBXFrameworksBuildPhase;
			buildActionMask = 2147483647;
			files = (
			);
			runOnlyForDeploymentPostprocessing = 0;
		};
/* End PBXFrameworksBuildPhase section */

/* Begin PBXGroup section */
		523F679226F0949F007D51C1 = {
			isa = PBXGroup;
			children = (
				523F679D26F0949F007D51C1 /* VoiceMemo */,
				523F67B426F0949F007D51C1 /* VoiceMemoTests */,
				523F67BF26F0949F007D51C1 /* VoiceMemoUITests */,
				523F679C26F0949F007D51C1 /* Products */,
			);
			sourceTree = "<group>";
		};
		523F679C26F0949F007D51C1 /* Products */ = {
			isa = PBXGroup;
			children = (
				523F679B26F0949F007D51C1 /* VoiceMemo.app */,
				523F67B126F0949F007D51C1 /* VoiceMemoTests.xctest */,
				523F67BC26F0949F007D51C1 /* VoiceMemoUITests.xctest */,
			);
			name = Products;
			sourceTree = "<group>";
		};
		523F679D26F0949F007D51C1 /* VoiceMemo */ = {
			isa = PBXGroup;
			children = (
				523F679E26F0949F007D51C1 /* AppDelegate.swift */,
				523F67A026F0949F007D51C1 /* SceneDelegate.swift */,
				523F67A226F0949F007D51C1 /* ViewController.swift */,
				523F67A426F0949F007D51C1 /* Main.storyboard */,
				523F67A726F0949F007D51C1 /* Assets.xcassets */,
				523F67A926F0949F007D51C1 /* LaunchScreen.storyboard */,
				523F67AC26F0949F007D51C1 /* Info.plist */,
			);
			path = VoiceMemo;
			sourceTree = "<group>";
		};
		523F67B426F0949F007D51C1 /* VoiceMemoTests */ = {
			isa = PBXGroup;
			children = (
				523F67B526F0949F007D51C1 /* VoiceMemoTests.swift */,
				523F67B726F0949F007D51C1 /* Info.plist */,
			);
			path = VoiceMemoTests;
			sourceTree = "<group>";
		};
		523F67BF26F0949F007D51C1 /* VoiceMemoUITests */ = {
			isa = PBXGroup;
			children = (
				523F67C026F0949F007D51C1 /* VoiceMemoUITests.swift */,
				523F67C226F0949F007D51C1 /* Info.plist */,
			);
			path = VoiceMemoUITests;
			sourceTree = "<group>";
		};
/* End PBXGroup section */

/* Begin PBXNativeTarget section */
		523F679A26F0949F007D51C1 /* VoiceMemo */ = {
			isa = PBXNativeTarget;
			buildConfigurationList = 523F67C526F0949F007D51C1 /* Build configuration list for PBXNativeTarget "VoiceMemo" */;
			buildPhases = (
				523F679726F0949F007D51C1 /* Sources */,
				523F679826F0949F007D51C1 /* Frameworks */,
				523F679926F0949F007D51C1 /* Resources */,
			);
			buildRules = (
			);
			dependencies = (
			);
			name = VoiceMemo;
			productName = VoiceMemo;
			productReference = 523F679B26F0949F007D51C1 /* VoiceMemo.app */;
			productType = "com.apple.product-type.application";
		};
		523F67B026F0949F007D51C1 /* VoiceMemoTests */ = {
			isa = PBXNativeTarget;
			buildConfigurationList = 523F67C826F0949F007D51C1 /* Build configuration list for PBXNativeTarget "VoiceMemoTests" */;
			buildPhases = (
				523F67AD26F0949F007D51C1 /* Sources */,
				523F67AE26F0949F007D51C1 /* Frameworks */,
				523F67AF26F0949F007D51C1 /* Resources */,
			);
			buildRules = (
			);
			dependencies = (
				523F67B326F0949F007D51C1 /* PBXTargetDependency */,
			);
			name = VoiceMemoTests;
			productName = VoiceMemoTests;
			productReference = 523F67B126F0949F007D51C1 /* VoiceMemoTests.xctest */;
			productType = "com.apple.product-type.bundle.unit-test";
		};
		523F67BB26F0949F007D51C1 /* VoiceMemoUITests */ = {
			isa = PBXNativeTarget;
			buildConfigurationList = 523F67CB26F0949F007D51C1 /* Build configuration list for PBXNativeTarget "VoiceMemoUITests" */;
			buildPhases = (
				523F67B826F0949F007D51C1 /* Sources */,
				523F67B926F0949F007D51C1 /* Frameworks */,
				523F67BA26F0949F007D51C1 /* Resources */,
			);
			buildRules = (
			);
			dependencies = (
				523F67BE26F0949F007D51C1 /* PBXTargetDependency */,
			);
			name = VoiceMemoUITests;
			productName = VoiceMemoUITests;
			productReference = 523F67BC26F0949F007D51C1 /* VoiceMemoUITests.xctest */;
			productType = "com.apple.product-type.bundle.ui-testing";
		};
/* End PBXNativeTarget section */

/* Begin PBXProject section */
		523F679326F0949F007D51C1 /* Project object */ = {
			isa = PBXProject;
			attributes = {
				LastSwiftUpdateCheck = 1250;
				LastUpgradeCheck = 1250;
				TargetAttributes = {
					523F679A26F0949F007D51C1 = {
						CreatedOnToolsVersion = 12.5.1;
					};
					523F67B026F0949F007D51C1 = {
						CreatedOnToolsVersion = 12.5.1;
						TestTargetID = 523F679A26F0949F007D51C1;
					};
					523F67BB26F0949F007D51C1 = {
						CreatedOnToolsVersion = 12.5.1;
						TestTargetID = 523F679A26F0949F007D51C1;
					};
				};
			};
			buildConfigurationList = 523F679626F0949F007D51C1 /* Build configuration list for PBXProject "VoiceMemo" */;
			compatibilityVersion = "Xcode 9.3";
			developmentRegion = en;
			hasScannedForEncodings = 0;
			knownRegions = (
				en,
				Base,
			);
			mainGroup = 523F679226F0949F007D51C1;
			productRefGroup = 523F679C26F0949F007D51C1 /* Products */;
			projectDirPath = "";
			projectRoot = "";
			targets = (
				523F679A26F0949F007D51C1 /* VoiceMemo */,
				523F67B026F0949F007D51C1 /* VoiceMemoTests */,
				523F67BB26F0949F007D51C1 /* VoiceMemoUITests */,
			);
		};
/* End PBXProject section */

/* Begin PBXResourcesBuildPhase section */
		523F679926F0949F007D51C1 /* Resources */ = {
			isa = PBXResourcesBuildPhase;
			buildActionMask = 2147483647;
			files = (
				523F67AB26F0949F007D51C1 /* LaunchScreen.storyboard in Resources */,
				523F67A826F0949F007D51C1 /* Assets.xcassets in Resources */,
				523F67A626F0949F007D51C1 /* Main.storyboard in Resources */,
			);
			runOnlyForDeploymentPostprocessing = 0;
		};
		523F67AF26F0949F007D51C1 /* Resources */ = {
			isa = PBXResourcesBuildPhase;
			buildActionMask = 2147483647;
			files = (
			);
			runOnlyForDeploymentPostprocessing = 0;
		};
		523F67BA26F0949F007D51C1 /* Resources */ = {
			isa = PBXResourcesBuildPhase;
			buildActionMask = 2147483647;
			files = (
			);
			runOnlyForDeploymentPostprocessing = 0;
		};
/* End PBXResourcesBuildPhase section */

/* Begin PBXSourcesBuildPhase section */
		523F679726F0949F007D51C1 /* Sources */ = {
			isa = PBXSourcesBuildPhase;
			buildActionMask = 2147483647;
			files = (
				523F67A326F0949F007D51C1 /* ViewController.swift in Sources */,
				523F679F26F0949F007D51C1 /* AppDelegate.swift in Sources */,
				523F67A126F0949F007D51C1 /* SceneDelegate.swift in Sources */,
			);
			runOnlyForDeploymentPostprocessing = 0;
		};
		523F67AD26F0949F007D51C1 /* Sources */ = {
			isa = PBXSourcesBuildPhase;
			buildActionMask = 2147483647;
			files = (
				523F67B626F0949F007D51C1 /* VoiceMemoTests.swift in Sources */,
			);
			runOnlyForDeploymentPostprocessing = 0;
		};
		523F67B826F0949F007D51C1 /* Sources */ = {
			isa = PBXSourcesBuildPhase;
			buildActionMask = 2147483647;
			files = (
				523F67C126F0949F007D51C1 /* VoiceMemoUITests.swift in Sources */,
			);
			runOnlyForDeploymentPostprocessing = 0;
		};
/* End PBXSourcesBuildPhase section */

/* Begin PBXTargetDependency section */
		523F67B326F0949F007D51C1 /* PBXTargetDependency */ = {
			isa = PBXTargetDependency;
			target = 523F679A26F0949F007D51C1 /* VoiceMemo */;
			targetProxy = 523F67B226F0949F007D51C1 /* PBXContainerItemProxy */;
		};
		523F67BE26F0949F007D51C1 /* PBXTargetDependency */ = {
			isa = PBXTargetDependency;
			target = 523F679A26F0949F007D51C1 /* VoiceMemo */;
			targetProxy = 523F67BD26F0949F007D51C1 /* PBXContainerItemProxy */;
		};
/* End PBXTargetDependency section */

/* Begin PBXVariantGroup section */
		523F67A426F0949F007D51C1 /* Main.storyboard */ = {
			isa = PBXVariantGroup;
			children = (
				523F67A526F0949F007D51C1 /* Base */,
			);
			name = Main.storyboard;
			sourceTree = "<group>";
		};
		523F67A926F0949F007D51C1 /* LaunchScreen.storyboard */ = {
			isa = PBXVariantGroup;
			children = (
				523F67AA26F0949F007D51C1 /* Base */,
			);
			name = LaunchScreen.storyboard;
			sourceTree = "<group>";
		};
/* End PBXVariantGroup section */

/* Begin XCBuildConfiguration section */
		523F67C326F0949F007D51C1 /* Debug */ = {
			isa = XCBuildConfiguration;
			buildSettings = {
				ALWAYS_SEARCH_USER_PATHS = NO;
				CLANG_ANALYZER_NONNULL = YES;
				CLANG_ANALYZER_NUMBER_OBJECT_CONVERSION = YES_AGGRESSIVE;
				CLANG_CXX_LANGUAGE_STANDARD = "gnu++14";
				CLANG_CXX_LIBRARY = "libc++";
				CLANG_ENABLE_MODULES = YES;
				CLANG_ENABLE_OBJC_ARC = YES;
				CLANG_ENABLE_OBJC_WEAK = YES;
				CLANG_WARN_BLOCK_CAPTURE_AUTORELEASING = YES;
				CLANG_WARN_BOOL_CONVERSION = YES;
				CLANG_WARN_COMMA = YES;
				CLANG_WARN_CONSTANT_CONVERSION = YES;
				CLANG_WARN_DEPRECATED_OBJC_IMPLEMENTATIONS = YES;
				CLANG_WARN_DIRECT_OBJC_ISA_USAGE = YES_ERROR;
				CLANG_WARN_DOCUMENTATION_COMMENTS = YES;
				CLANG_WARN_EMPTY_BODY = YES;
				CLANG_WARN_ENUM_CONVERSION = YES;
				CLANG_WARN_INFINITE_RECURSION = YES;
				CLANG_WARN_INT_CONVERSION = YES;
				CLANG_WARN_NON_LITERAL_NULL_CONVERSION = YES;
				CLANG_WARN_OBJC_IMPLICIT_RETAIN_SELF = YES;
				CLANG_WARN_OBJC_LITERAL_CONVERSION = YES;
				CLANG_WARN_OBJC_ROOT_CLASS = YES_ERROR;
				CLANG_WARN_QUOTED_INCLUDE_IN_FRAMEWORK_HEADER = YES;
				CLANG_WARN_RANGE_LOOP_ANALYSIS = YES;
				CLANG_WARN_STRICT_PROTOTYPES = YES;
				CLANG_WARN_SUSPICIOUS_MOVE = YES;
				CLANG_WARN_UNGUARDED_AVAILABILITY = YES_AGGRESSIVE;
				CLANG_WARN_UNREACHABLE_CODE = YES;
				CLANG_WARN__DUPLICATE_METHOD_MATCH = YES;
				COPY_PHASE_STRIP = NO;
				DEBUG_INFORMATION_FORMAT = dwarf;
				ENABLE_STRICT_OBJC_MSGSEND = YES;
				ENABLE_TESTABILITY = YES;
				GCC_C_LANGUAGE_STANDARD = gnu11;
				GCC_DYNAMIC_NO_PIC = NO;
				GCC_NO_COMMON_BLOCKS = YES;
				GCC_OPTIMIZATION_LEVEL = 0;
				GCC_PREPROCESSOR_DEFINITIONS = (
					"DEBUG=1",
					"$(inherited)",
				);
				GCC_WARN_64_TO_32_BIT_CONVERSION = YES;
				GCC_WARN_ABOUT_RETURN_TYPE = YES_ERROR;
				GCC_WARN_UNDECLARED_SELECTOR = YES;
				GCC_WARN_UNINITIALIZED_AUTOS = YES_AGGRESSIVE;
				GCC_WARN_UNUSED_FUNCTION = YES;
				GCC_WARN_UNUSED_VARIABLE = YES;
				IPHONEOS_DEPLOYMENT_TARGET = 14.5;
				MTL_ENABLE_DEBUG_INFO = INCLUDE_SOURCE;
				MTL_FAST_MATH = YES;
				ONLY_ACTIVE_ARCH = YES;
				SDKROOT = iphoneos;
				SWIFT_ACTIVE_COMPILATION_CONDITIONS = DEBUG;
				SWIFT_OPTIMIZATION_LEVEL = "-Onone";
			};
			name = Debug;
		};
		523F67C426F0949F007D51C1 /* Release */ = {
			isa = XCBuildConfiguration;
			buildSettings = {
				ALWAYS_SEARCH_USER_PATHS = NO;
				CLANG_ANALYZER_NONNULL = YES;
				CLANG_ANALYZER_NUMBER_OBJECT_CONVERSION = YES_AGGRESSIVE;
				CLANG_CXX_LANGUAGE_STANDARD = "gnu++14";
				CLANG_CXX_LIBRARY = "libc++";
				CLANG_ENABLE_MODULES = YES;
				CLANG_ENABLE_OBJC_ARC = YES;
				CLANG_ENABLE_OBJC_WEAK = YES;
				CLANG_WARN_BLOCK_CAPTURE_AUTORELEASING = YES;
				CLANG_WARN_BOOL_CONVERSION = YES;
				CLANG_WARN_COMMA = YES;
				CLANG_WARN_CONSTANT_CONVERSION = YES;
				CLANG_WARN_DEPRECATED_OBJC_IMPLEMENTATIONS = YES;
				CLANG_WARN_DIRECT_OBJC_ISA_USAGE = YES_ERROR;
				CLANG_WARN_DOCUMENTATION_COMMENTS = YES;
				CLANG_WARN_EMPTY_BODY = YES;
				CLANG_WARN_ENUM_CONVERSION = YES;
				CLANG_WARN_INFINITE_RECURSION = YES;
				CLANG_WARN_INT_CONVERSION = YES;
				CLANG_WARN_NON_LITERAL_NULL_CONVERSION = YES;
				CLANG_WARN_OBJC_IMPLICIT_RETAIN_SELF = YES;
				CLANG_WARN_OBJC_LITERAL_CONVERSION = YES;
				CLANG_WARN_OBJC_ROOT_CLASS = YES_ERROR;
				CLANG_WARN_QUOTED_INCLUDE_IN_FRAMEWORK_HEADER = YES;
				CLANG_WARN_RANGE_LOOP_ANALYSIS = YES;
				CLANG_WARN_STRICT_PROTOTYPES = YES;
				CLANG_WARN_SUSPICIOUS_MOVE = YES;
				CLANG_WARN_UNGUARDED_AVAILABILITY = YES_AGGRESSIVE;
				CLANG_WARN_UNREACHABLE_CODE = YES;
				CLANG_WARN__DUPLICATE_METHOD_MATCH = YES;
				COPY_PHASE_STRIP = NO;
				DEBUG_INFORMATION_FORMAT = "dwarf-with-dsym";
				ENABLE_NS_ASSERTIONS = NO;
				ENABLE_STRICT_OBJC_MSGSEND = YES;
				GCC_C_LANGUAGE_STANDARD = gnu11;
				GCC_NO_COMMON_BLOCKS = YES;
				GCC_WARN_64_TO_32_BIT_CONVERSION = YES;
				GCC_WARN_ABOUT_RETURN_TYPE = YES_ERROR;
				GCC_WARN_UNDECLARED_SELECTOR = YES;
				GCC_WARN_UNINITIALIZED_AUTOS = YES_AGGRESSIVE;
				GCC_WARN_UNUSED_FUNCTION = YES;
				GCC_WARN_UNUSED_VARIABLE = YES;
				IPHONEOS_DEPLOYMENT_TARGET = 14.5;
				MTL_ENABLE_DEBUG_INFO = NO;
				MTL_FAST_MATH = YES;
				SDKROOT = iphoneos;
				SWIFT_COMPILATION_MODE = wholemodule;
				SWIFT_OPTIMIZATION_LEVEL = "-O";
				VALIDATE_PRODUCT = YES;
			};
			name = Release;
		};
		523F67C626F0949F007D51C1 /* Debug */ = {
			isa = XCBuildConfiguration;
			buildSettings = {
				ASSETCATALOG_COMPILER_APPICON_NAME = AppIcon;
				ASSETCATALOG_COMPILER_GLOBAL_ACCENT_COLOR_NAME = AccentColor;
				CODE_SIGN_STYLE = Automatic;
				INFOPLIST_FILE = VoiceMemo/Info.plist;
				LD_RUNPATH_SEARCH_PATHS = (
					"$(inherited)",
					"@executable_path/Frameworks",
				);
				PRODUCT_BUNDLE_IDENTIFIER = au.ok.VoiceMemo;
				PRODUCT_NAME = "$(TARGET_NAME)";
				SWIFT_VERSION = 5.0;
				TARGETED_DEVICE_FAMILY = "1,2";
			};
			name = Debug;
		};
		523F67C726F0949F007D51C1 /* Release */ = {
			isa = XCBuildConfiguration;
			buildSettings = {
				ASSETCATALOG_COMPILER_APPICON_NAME = AppIcon;
				ASSETCATALOG_COMPILER_GLOBAL_ACCENT_COLOR_NAME = AccentColor;
				CODE_SIGN_STYLE = Automatic;
				INFOPLIST_FILE = VoiceMemo/Info.plist;
				LD_RUNPATH_SEARCH_PATHS = (
					"$(inherited)",
					"@executable_path/Frameworks",
				);
				PRODUCT_BUNDLE_IDENTIFIER = au.ok.VoiceMemo;
				PRODUCT_NAME = "$(TARGET_NAME)";
				SWIFT_VERSION = 5.0;
				TARGETED_DEVICE_FAMILY = "1,2";
			};
			name = Release;
		};
		523F67C926F0949F007D51C1 /* Debug */ = {
			isa = XCBuildConfiguration;
			buildSettings = {
				ALWAYS_EMBED_SWIFT_STANDARD_LIBRARIES = YES;
				BUNDLE_LOADER = "$(TEST_HOST)";
				CODE_SIGN_STYLE = Automatic;
				INFOPLIST_FILE = VoiceMemoTests/Info.plist;
				IPHONEOS_DEPLOYMENT_TARGET = 14.5;
				LD_RUNPATH_SEARCH_PATHS = (
					"$(inherited)",
					"@executable_path/Frameworks",
					"@loader_path/Frameworks",
				);
				PRODUCT_BUNDLE_IDENTIFIER = au.ok.VoiceMemoTests;
				PRODUCT_NAME = "$(TARGET_NAME)";
				SWIFT_VERSION = 5.0;
				TARGETED_DEVICE_FAMILY = "1,2";
				TEST_HOST = "$(BUILT_PRODUCTS_DIR)/VoiceMemo.app/VoiceMemo";
			};
			name = Debug;
		};
		523F67CA26F0949F007D51C1 /* Release */ = {
			isa = XCBuildConfiguration;
			buildSettings = {
				ALWAYS_EMBED_SWIFT_STANDARD_LIBRARIES = YES;
				BUNDLE_LOADER = "$(TEST_HOST)";
				CODE_SIGN_STYLE = Automatic;
				INFOPLIST_FILE = VoiceMemoTests/Info.plist;
				IPHONEOS_DEPLOYMENT_TARGET = 14.5;
				LD_RUNPATH_SEARCH_PATHS = (
					"$(inherited)",
					"@executable_path/Frameworks",
					"@loader_path/Frameworks",
				);
				PRODUCT_BUNDLE_IDENTIFIER = au.ok.VoiceMemoTests;
				PRODUCT_NAME = "$(TARGET_NAME)";
				SWIFT_VERSION = 5.0;
				TARGETED_DEVICE_FAMILY = "1,2";
				TEST_HOST = "$(BUILT_PRODUCTS_DIR)/VoiceMemo.app/VoiceMemo";
			};
			name = Release;
		};
		523F67CC26F0949F007D51C1 /* Debug */ = {
			isa = XCBuildConfiguration;
			buildSettings = {
				ALWAYS_EMBED_SWIFT_STANDARD_LIBRARIES = YES;
				CODE_SIGN_STYLE = Automatic;
				INFOPLIST_FILE = VoiceMemoUITests/Info.plist;
				LD_RUNPATH_SEARCH_PATHS = (
					"$(inherited)",
					"@executable_path/Frameworks",
					"@loader_path/Frameworks",
				);
				PRODUCT_BUNDLE_IDENTIFIER = au.ok.VoiceMemoUITests;
				PRODUCT_NAME = "$(TARGET_NAME)";
				SWIFT_VERSION = 5.0;
				TARGETED_DEVICE_FAMILY = "1,2";
				TEST_TARGET_NAME = VoiceMemo;
			};
			name = Debug;
		};
		523F67CD26F0949F007D51C1 /* Release */ = {
			isa = XCBuildConfiguration;
			buildSettings = {
				ALWAYS_EMBED_SWIFT_STANDARD_LIBRARIES = YES;
				CODE_SIGN_STYLE = Automatic;
				INFOPLIST_FILE = VoiceMemoUITests/Info.plist;
				LD_RUNPATH_SEARCH_PATHS = (
					"$(inherited)",
					"@executable_path/Frameworks",
					"@loader_path/Frameworks",
				);
				PRODUCT_BUNDLE_IDENTIFIER = au.ok.VoiceMemoUITests;
				PRODUCT_NAME = "$(TARGET_NAME)";
				SWIFT_VERSION = 5.0;
				TARGETED_DEVICE_FAMILY = "1,2";
				TEST_TARGET_NAME = VoiceMemo;
			};
			name = Release;
		};
/* End XCBuildConfiguration section */

/* Begin XCConfigurationList section */
		523F679626F0949F007D51C1 /* Build configuration list for PBXProject "VoiceMemo" */ = {
			isa = XCConfigurationList;
			buildConfigurations = (
				523F67C326F0949F007D51C1 /* Debug */,
				523F67C426F0949F007D51C1 /* Release */,
			);
			defaultConfigurationIsVisible = 0;
			defaultConfigurationName = Release;
		};
		523F67C526F0949F007D51C1 /* Build configuration list for PBXNativeTarget "VoiceMemo" */ = {
			isa = XCConfigurationList;
			buildConfigurations = (
				523F67C626F0949F007D51C1 /* Debug */,
				523F67C726F0949F007D51C1 /* Release */,
			);
			defaultConfigurationIsVisible = 0;
			defaultConfigurationName = Release;
		};
		523F67C826F0949F007D51C1 /* Build configuration list for PBXNativeTarget "VoiceMemoTests" */ = {
			isa = XCConfigurationList;
			buildConfigurations = (
				523F67C926F0949F007D51C1 /* Debug */,
				523F67CA26F0949F007D51C1 /* Release */,
			);
			defaultConfigurationIsVisible = 0;
			defaultConfigurationName = Release;
		};
		523F67CB26F0949F007D51C1 /* Build configuration list for PBXNativeTarget "VoiceMemoUITests" */ = {
			isa = XCConfigurationList;
			buildConfigurations = (
				523F67CC26F0949F007D51C1 /* Debug */,
				523F67CD26F0949F007D51C1 /* Release */,
			);
			defaultConfigurationIsVisible = 0;
			defaultConfigurationName = Release;
		};
/* End XCConfigurationList section */
	};
	rootObject = 523F679326F0949F007D51C1 /* Project object */;
}
